
Microsoft Visual Studio Solution File, Format Version 12.00
# Visual Studio Version 17
VisualStudioVersion = 17.13.35919.96
MinimumVisualStudioVersion = 10.0.40219.1
Project("{FAE04EC0-301F-11D3-BF4B-00C04F79EFBC}") = "Lab_1", "Lab_1\Lab_1.csproj", "{61939916-71E1-DCBC-DFE4-59BE98DBB697}"
EndProject
Project("{FAE04EC0-301F-11D3-BF4B-00C04F79EFBC}") = "Task_1_Tests", "Task_1_Tests\Task_1_Tests.csproj", "{B2034B08-F42F-BC17-0888-5ABCFB49DACC}"
EndProject
Global
	GlobalSection(SolutionConfigurationPlatforms) = preSolution
		Debug|Any CPU = Debug|Any CPU
		Release|Any CPU = Release|Any CPU
	EndGlobalSection
	GlobalSection(ProjectConfigurationPlatforms) = postSolution
		{61939916-71E1-DCBC-DFE4-59BE98DBB697}.Debug|Any CPU.ActiveCfg = Debug|Any CPU
		{61939916-71E1-DCBC-DFE4-59BE98DBB697}.Debug|Any CPU.Build.0 = Debug|Any CPU
		{61939916-71E1-DCBC-DFE4-59BE98DBB697}.Release|Any CPU.ActiveCfg = Release|Any CPU
		{61939916-71E1-DCBC-DFE4-59BE98DBB697}.Release|Any CPU.Build.0 = Release|Any CPU
		{B2034B08-F42F-BC17-0888-5ABCFB49DACC}.Debug|Any CPU.ActiveCfg = Debug|Any CPU
		{B2034B08-F42F-BC17-0888-5ABCFB49DACC}.Debug|Any CPU.Build.0 = Debug|Any CPU
		{B2034B08-F42F-BC17-0888-5ABCFB49DACC}.Release|Any CPU.ActiveCfg = Release|Any CPU
		{B2034B08-F42F-BC17-0888-5ABCFB49DACC}.Release|Any CPU.Build.0 = Release|Any CPU
	EndGlobalSection
	GlobalSection(SolutionProperties) = preSolution
		HideSolutionNode = FALSE
	EndGlobalSection
	GlobalSection(ExtensibilityGlobals) = postSolution
		SolutionGuid = {35030A65-4812-4CCA-B53D-EFCAB98C8B53}
	EndGlobalSection
EndGlobal
